// !$*UTF8*$!
{
	archiveVersion = 1;
	classes = {
	};
	objectVersion = 56;
	objects = {

/* Begin PBXBuildFile section */
		11A000000000000000000001 /* CFIApp.swift in Sources */ = {isa = PBXBuildFile; fileRef = 11B000000000000000000001 /* CFIApp.swift */; };
		11A000000000000000000002 /* CFIWebView.swift in Sources */ = {isa = PBXBuildFile; fileRef = 11B000000000000000000002 /* CFIWebView.swift */; };
		11A000000000000000000003 /* index.html in Resources */ = {isa = PBXBuildFile; fileRef = 11B000000000000000000003 /* index.html */; };
/* End PBXBuildFile section */

/* Begin PBXFileReference section */
		11B000000000000000000001 /* CFIApp.swift */ = {isa = PBXFileReference; lastKnownFileType = sourcecode.swift; path = CFIApp.swift; sourceTree = "<group>"; };
		11B000000000000000000002 /* CFIWebView.swift */ = {isa = PBXFileReference; lastKnownFileType = sourcecode.swift; path = CFIWebView.swift; sourceTree = "<group>"; };
		11B000000000000000000003 /* index.html */ = {isa = PBXFileReference; lastKnownFileType = text.html; name = index.html; path = ../web/index.html; sourceTree = "<group>"; };
		11B000000000000000000004 /* CFI.app */ = {isa = PBXFileReference; explicitFileType = wrapper.application; includeInIndex = 0; path = CFI.app; sourceTree = BUILT_PRODUCTS_DIR; };
/* End PBXFileReference section */

/* Begin PBXFrameworksBuildPhase section */
		11C000000000000000000001 /* Frameworks */ = {
			isa = PBXFrameworksBuildPhase;
			buildActionMask = 2147483647;
			files = (
			);
			runOnlyForDeploymentPostprocessing = 0;
		};
/* End PBXFrameworksBuildPhase section */

/* Begin PBXGroup section */
		11D000000000000000000001 = {
			isa = PBXGroup;
			children = (
				11D000000000000000000002 /* CFI */,
				11B000000000000000000003 /* index.html */,
				11D000000000000000000003 /* Products */,
			);
			sourceTree = "<group>";
		};
		11D000000000000000000002 /* CFI */ = {
			isa = PBXGroup;
			children = (
				11B000000000000000000001 /* CFIApp.swift */,
				11B000000000000000000002 /* CFIWebView.swift */,
			);
			path = CFI;
			sourceTree = "<group>";
		};
		11D000000000000000000003 /* Products */ = {
			isa = PBXGroup;
			children = (
				11B000000000000000000004 /* CFI.app */,
			);
			name = Products;
			sourceTree = "<group>";
		};
/* End PBXGroup section */

/* Begin PBXNativeTarget section */
		11E000000000000000000001 /* CFI */ = {
			isa = PBXNativeTarget;
			buildConfigurationList = 11F000000000000000000002 /* Build configuration list for PBXNativeTarget "CFI" */;
			buildPhases = (
				11C000000000000000000002 /* Sources */,
				11C000000000000000000001 /* Frameworks */,
				11C000000000000000000003 /* Resources */,
			);
			buildRules = (
			);
			dependencies = (
			);
			name = CFI;
			productName = CFI;
			productReference = 11B000000000000000000004 /* CFI.app */;
			productType = "com.apple.product-type.application";
		};
/* End PBXNativeTarget section */

/* Begin PBXProject section */
		11E000000000000000000002 /* Project object */ = {
			isa = PBXProject;
			attributes = {
				BuildIndependentTargetsInParallel = 1;
				LastSwiftUpdateCheck = 1600;
				LastUpgradeCheck = 1600;
				TargetAttributes = {
					11E000000000000000000001 = {
						CreatedOnToolsVersion = 16.0;
					};
				};
			};
			buildConfigurationList = 11F000000000000000000001 /* Build configuration list for PBXProject "CFI" */;
			compatibilityVersion = "Xcode 14.0";
			developmentRegion = en;
			hasScannedForEncodings = 0;
			knownRegions = (
				en,
				Base,
			);
			mainGroup = 11D000000000000000000001;
			productRefGroup = 11D000000000000000000003 /* Products */;
			projectDirPath = "";
			projectRoot = "";
			targets = (
				11E000000000000000000001 /* CFI */,
			);
		};
/* End PBXProject section */

/* Begin PBXResourcesBuildPhase section */
		11C000000000000000000003 /* Resources */ = {
			isa = PBXResourcesBuildPhase;
			buildActionMask = 2147483647;
			files = (
				11A000000000000000000003 /* index.html in Resources */,
			);
			runOnlyForDeploymentPostprocessing = 0;
		};
/* End PBXResourcesBuildPhase section */

/* Begin PBXSourcesBuildPhase section */
		11C000000000000000000002 /* Sources */ = {
			isa = PBXSourcesBuildPhase;
			buildActionMask = 2147483647;
			files = (
				11A000000000000000000001 /* CFIApp.swift in Sources */,
				11A000000000000000000002 /* CFIWebView.swift in Sources */,
			);
			runOnlyForDeploymentPostprocessing = 0;
		};
/* End PBXSourcesBuildPhase section */

/* Begin XCBuildConfiguration section */
		120000000000000000000001 /* Debug */ = {
			isa = XCBuildConfiguration;
			buildSettings = {
				ALWAYS_SEARCH_USER_PATHS = NO;
				CLANG_ENABLE_MODULES = YES;
				CLANG_ENABLE_OBJC_ARC = YES;
				COPY_PHASE_STRIP = NO;
				DEBUG_INFORMATION_FORMAT = dwarf;
				ENABLE_TESTABILITY = YES;
				GCC_C_LANGUAGE_STANDARD = gnu17;
				GCC_OPTIMIZATION_LEVEL = 0;
				IPHONEOS_DEPLOYMENT_TARGET = 16.0;
				ONLY_ACTIVE_ARCH = YES;
				SDKROOT = iphoneos;
				SWIFT_ACTIVE_COMPILATION_CONDITIONS = "DEBUG $(inherited)";
				SWIFT_OPTIMIZATION_LEVEL = "-Onone";
			};
			name = Debug;
		};
		120000000000000000000002 /* Release */ = {
			isa = XCBuildConfiguration;
			buildSettings = {
				ALWAYS_SEARCH_USER_PATHS = NO;
				CLANG_ENABLE_MODULES = YES;
				CLANG_ENABLE_OBJC_ARC = YES;
				COPY_PHASE_STRIP = NO;
				DEBUG_INFORMATION_FORMAT = "dwarf-with-dsym";
				GCC_C_LANGUAGE_STANDARD = gnu17;
				IPHONEOS_DEPLOYMENT_TARGET = 16.0;
				SDKROOT = iphoneos;
				SWIFT_COMPILATION_MODE = wholemodule;
				SWIFT_OPTIMIZATION_LEVEL = "-O";
			};
			name = Release;
		};
		120000000000000000000003 /* Debug */ = {
			isa = XCBuildConfiguration;
			buildSettings = {
				CODE_SIGN_STYLE = Automatic;
				CURRENT_PROJECT_VERSION = 7;
				GENERATE_INFOPLIST_FILE = YES;
				INFOPLIST_KEY_CFBundleDisplayName = CFI;
				INFOPLIST_KEY_LSApplicationCategoryType = "public.app-category.sports";
				INFOPLIST_KEY_NSAppTransportSecurity_NSAllowsLocalNetworking = YES;
				INFOPLIST_KEY_UILaunchScreen_Generation = YES;
				INFOPLIST_KEY_UIApplicationSceneManifest_Generation = YES;
				IPHONEOS_DEPLOYMENT_TARGET = 16.0;
				LD_RUNPATH_SEARCH_PATHS = (
					"$(inherited)",
					"@executable_path/Frameworks",
				);
				MARKETING_VERSION = 0.2.2;
				PRODUCT_BUNDLE_IDENTIFIER = com.cfi.footballintelligence;
				PRODUCT_NAME = "$(TARGET_NAME)";
				SUPPORTED_PLATFORMS = "iphoneos iphonesimulator";
				SUPPORTS_MACCATALYST = NO;
				SWIFT_EMIT_LOC_STRINGS = YES;
				SWIFT_VERSION = 5.0;
				TARGETED_DEVICE_FAMILY = 1;
			};
			name = Debug;
		};
		120000000000000000000004 /* Release */ = {
			isa = XCBuildConfiguration;
			buildSettings = {
				CODE_SIGN_STYLE = Automatic;
				CURRENT_PROJECT_VERSION = 7;
				GENERATE_INFOPLIST_FILE = YES;
				INFOPLIST_KEY_CFBundleDisplayName = CFI;
				INFOPLIST_KEY_LSApplicationCategoryType = "public.app-category.sports";
				INFOPLIST_KEY_NSAppTransportSecurity_NSAllowsLocalNetworking = YES;
				INFOPLIST_KEY_UILaunchScreen_Generation = YES;
				INFOPLIST_KEY_UIApplicationSceneManifest_Generation = YES;
				IPHONEOS_DEPLOYMENT_TARGET = 16.0;
				LD_RUNPATH_SEARCH_PATHS = (
					"$(inherited)",
					"@executable_path/Frameworks",
				);
				MARKETING_VERSION = 0.2.2;
				PRODUCT_BUNDLE_IDENTIFIER = com.cfi.footballintelligence;
				PRODUCT_NAME = "$(TARGET_NAME)";
				SUPPORTED_PLATFORMS = "iphoneos iphonesimulator";
				SUPPORTS_MACCATALYST = NO;
				SWIFT_EMIT_LOC_STRINGS = YES;
				SWIFT_VERSION = 5.0;
				TARGETED_DEVICE_FAMILY = 1;
			};
			name = Release;
		};
/* End XCBuildConfiguration section */

/* Begin XCConfigurationList section */
		11F000000000000000000001 /* Build configuration list for PBXProject "CFI" */ = {
			isa = XCConfigurationList;
			buildConfigurations = (
				120000000000000000000001 /* Debug */,
				120000000000000000000002 /* Release */,
			);
			defaultConfigurationIsVisible = 0;
			defaultConfigurationName = Release;
		};
		11F000000000000000000002 /* Build configuration list for PBXNativeTarget "CFI" */ = {
			isa = XCConfigurationList;
			buildConfigurations = (
				120000000000000000000003 /* Debug */,
				120000000000000000000004 /* Release */,
			);
			defaultConfigurationIsVisible = 0;
			defaultConfigurationName = Release;
		};
/* End XCConfigurationList section */
	};
	rootObject = 11E000000000000000000002 /* Project object */;
}
